// !$*UTF8*$!
{
	archiveVersion = 1;
	classes = {
	};
	objectVersion = 48;
	objects = {

/* Begin PBXBuildFile section */
		1AB7BF7107654BD7800A9A4F /* Pods_ATMmvdTests.framework in Frameworks */ = {isa = PBXBuildFile; fileRef = 7387E5927017006ED1AFBE29 /* Pods_ATMmvdTests.framework */; };
		298E19842FB3C58A2A1A6E55 /* Pods_ATMmvdUITests.framework in Frameworks */ = {isa = PBXBuildFile; fileRef = EA74999A3FA3E16E5CEE1F14 /* Pods_ATMmvdUITests.framework */; };
		41E883BC20AF84DB0045A95B /* AppDelegate.swift in Sources */ = {isa = PBXBuildFile; fileRef = 41E883BB20AF84DB0045A95B /* AppDelegate.swift */; };
		41E883BE20AF84DB0045A95B /* ViewController.swift in Sources */ = {isa = PBXBuildFile; fileRef = 41E883BD20AF84DB0045A95B /* ViewController.swift */; };
		41E883C120AF84DB0045A95B /* Main.storyboard in Resources */ = {isa = PBXBuildFile; fileRef = 41E883BF20AF84DB0045A95B /* Main.storyboard */; };
		41E883C320AF84DB0045A95B /* Assets.xcassets in Resources */ = {isa = PBXBuildFile; fileRef = 41E883C220AF84DB0045A95B /* Assets.xcassets */; };
		41E883C620AF84DB0045A95B /* LaunchScreen.storyboard in Resources */ = {isa = PBXBuildFile; fileRef = 41E883C420AF84DB0045A95B /* LaunchScreen.storyboard */; };
		41E883D120AF84DC0045A95B /* ATMmvdTests.swift in Sources */ = {isa = PBXBuildFile; fileRef = 41E883D020AF84DC0045A95B /* ATMmvdTests.swift */; };
		41E883DC20AF84DC0045A95B /* ATMmvdUITests.swift in Sources */ = {isa = PBXBuildFile; fileRef = 41E883DB20AF84DC0045A95B /* ATMmvdUITests.swift */; };
		41E883EA20AF8B1F0045A95B /* SecondViewController.swift in Sources */ = {isa = PBXBuildFile; fileRef = 41E883E920AF8B1F0045A95B /* SecondViewController.swift */; };
		41E883EC20AFBB8B0045A95B /* ATM.swift in Sources */ = {isa = PBXBuildFile; fileRef = 41E883EB20AFBB8B0045A95B /* ATM.swift */; };
		D876C4362A611DD44D365F4F /* Pods_ATMmvd.framework in Frameworks */ = {isa = PBXBuildFile; fileRef = D6005F027B120B627BE7621E /* Pods_ATMmvd.framework */; };
/* End PBXBuildFile section */

/* Begin PBXContainerItemProxy section */
		41E883CD20AF84DC0045A95B /* PBXContainerItemProxy */ = {
			isa = PBXContainerItemProxy;
			containerPortal = 41E883B020AF84DB0045A95B /* Project object */;
			proxyType = 1;
			remoteGlobalIDString = 41E883B720AF84DB0045A95B;
			remoteInfo = ATMmvd;
		};
		41E883D820AF84DC0045A95B /* PBXContainerItemProxy */ = {
			isa = PBXContainerItemProxy;
			containerPortal = 41E883B020AF84DB0045A95B /* Project object */;
			proxyType = 1;
			remoteGlobalIDString = 41E883B720AF84DB0045A95B;
			remoteInfo = ATMmvd;
		};
/* End PBXContainerItemProxy section */

/* Begin PBXFileReference section */
		306CB9B6AFF27770A6BFF36C /* Pods-ATMmvd.release.xcconfig */ = {isa = PBXFileReference; includeInIndex = 1; lastKnownFileType = text.xcconfig; name = "Pods-ATMmvd.release.xcconfig"; path = "Pods/Target Support Files/Pods-ATMmvd/Pods-ATMmvd.release.xcconfig"; sourceTree = "<group>"; };
		3B1EE9148DAC4824397DFF34 /* Pods-ATMmvdUITests.debug.xcconfig */ = {isa = PBXFileReference; includeInIndex = 1; lastKnownFileType = text.xcconfig; name = "Pods-ATMmvdUITests.debug.xcconfig"; path = "Pods/Target Support Files/Pods-ATMmvdUITests/Pods-ATMmvdUITests.debug.xcconfig"; sourceTree = "<group>"; };
		3D835BF32B70A2E16EFBC839 /* Pods-ATMmvdTests.debug.xcconfig */ = {isa = PBXFileReference; includeInIndex = 1; lastKnownFileType = text.xcconfig; name = "Pods-ATMmvdTests.debug.xcconfig"; path = "Pods/Target Support Files/Pods-ATMmvdTests/Pods-ATMmvdTests.debug.xcconfig"; sourceTree = "<group>"; };
		41E883B820AF84DB0045A95B /* ATMmvd.app */ = {isa = PBXFileReference; explicitFileType = wrapper.application; includeInIndex = 0; path = ATMmvd.app; sourceTree = BUILT_PRODUCTS_DIR; };
		41E883BB20AF84DB0045A95B /* AppDelegate.swift */ = {isa = PBXFileReference; lastKnownFileType = sourcecode.swift; path = AppDelegate.swift; sourceTree = "<group>"; };
		41E883BD20AF84DB0045A95B /* ViewController.swift */ = {isa = PBXFileReference; lastKnownFileType = sourcecode.swift; path = ViewController.swift; sourceTree = "<group>"; };
		41E883C020AF84DB0045A95B /* Base */ = {isa = PBXFileReference; lastKnownFileType = file.storyboard; name = Base; path = Base.lproj/Main.storyboard; sourceTree = "<group>"; };
		41E883C220AF84DB0045A95B /* Assets.xcassets */ = {isa = PBXFileReference; lastKnownFileType = folder.assetcatalog; path = Assets.xcassets; sourceTree = "<group>"; };
		41E883C520AF84DB0045A95B /* Base */ = {isa = PBXFileReference; lastKnownFileType = file.storyboard; name = Base; path = Base.lproj/LaunchScreen.storyboard; sourceTree = "<group>"; };
		41E883C720AF84DB0045A95B /* Info.plist */ = {isa = PBXFileReference; lastKnownFileType = text.plist.xml; path = Info.plist; sourceTree = "<group>"; };
		41E883CC20AF84DC0045A95B /* ATMmvdTests.xctest */ = {isa = PBXFileReference; explicitFileType = wrapper.cfbundle; includeInIndex = 0; path = ATMmvdTests.xctest; sourceTree = BUILT_PRODUCTS_DIR; };
		41E883D020AF84DC0045A95B /* ATMmvdTests.swift */ = {isa = PBXFileReference; lastKnownFileType = sourcecode.swift; path = ATMmvdTests.swift; sourceTree = "<group>"; };
		41E883D220AF84DC0045A95B /* Info.plist */ = {isa = PBXFileReference; lastKnownFileType = text.plist.xml; path = Info.plist; sourceTree = "<group>"; };
		41E883D720AF84DC0045A95B /* ATMmvdUITests.xctest */ = {isa = PBXFileReference; explicitFileType = wrapper.cfbundle; includeInIndex = 0; path = ATMmvdUITests.xctest; sourceTree = BUILT_PRODUCTS_DIR; };
		41E883DB20AF84DC0045A95B /* ATMmvdUITests.swift */ = {isa = PBXFileReference; lastKnownFileType = sourcecode.swift; path = ATMmvdUITests.swift; sourceTree = "<group>"; };
		41E883DD20AF84DC0045A95B /* Info.plist */ = {isa = PBXFileReference; lastKnownFileType = text.plist.xml; path = Info.plist; sourceTree = "<group>"; };
		41E883E920AF8B1F0045A95B /* SecondViewController.swift */ = {isa = PBXFileReference; lastKnownFileType = sourcecode.swift; path = SecondViewController.swift; sourceTree = "<group>"; };
		41E883EB20AFBB8B0045A95B /* ATM.swift */ = {isa = PBXFileReference; lastKnownFileType = sourcecode.swift; path = ATM.swift; sourceTree = "<group>"; };
		7387E5927017006ED1AFBE29 /* Pods_ATMmvdTests.framework */ = {isa = PBXFileReference; explicitFileType = wrapper.framework; includeInIndex = 0; path = Pods_ATMmvdTests.framework; sourceTree = BUILT_PRODUCTS_DIR; };
		8D0484D9B0C23E1245B3EF5C /* Pods-ATMmvdTests.release.xcconfig */ = {isa = PBXFileReference; includeInIndex = 1; lastKnownFileType = text.xcconfig; name = "Pods-ATMmvdTests.release.xcconfig"; path = "Pods/Target Support Files/Pods-ATMmvdTests/Pods-ATMmvdTests.release.xcconfig"; sourceTree = "<group>"; };
		923B5F800FF6D01C6C05AD7D /* Pods-ATMmvd.debug.xcconfig */ = {isa = PBXFileReference; includeInIndex = 1; lastKnownFileType = text.xcconfig; name = "Pods-ATMmvd.debug.xcconfig"; path = "Pods/Target Support Files/Pods-ATMmvd/Pods-ATMmvd.debug.xcconfig"; sourceTree = "<group>"; };
		D299B04DA22E5117B6EE0E80 /* Pods-ATMmvdUITests.release.xcconfig */ = {isa = PBXFileReference; includeInIndex = 1; lastKnownFileType = text.xcconfig; name = "Pods-ATMmvdUITests.release.xcconfig"; path = "Pods/Target Support Files/Pods-ATMmvdUITests/Pods-ATMmvdUITests.release.xcconfig"; sourceTree = "<group>"; };
		D6005F027B120B627BE7621E /* Pods_ATMmvd.framework */ = {isa = PBXFileReference; explicitFileType = wrapper.framework; includeInIndex = 0; path = Pods_ATMmvd.framework; sourceTree = BUILT_PRODUCTS_DIR; };
		EA74999A3FA3E16E5CEE1F14 /* Pods_ATMmvdUITests.framework */ = {isa = PBXFileReference; explicitFileType = wrapper.framework; includeInIndex = 0; path = Pods_ATMmvdUITests.framework; sourceTree = BUILT_PRODUCTS_DIR; };
/* End PBXFileReference section */

/* Begin PBXFrameworksBuildPhase section */
		41E883B520AF84DB0045A95B /* Frameworks */ = {
			isa = PBXFrameworksBuildPhase;
			buildActionMask = 2147483647;
			files = (
				D876C4362A611DD44D365F4F /* Pods_ATMmvd.framework in Frameworks */,
			);
			runOnlyForDeploymentPostprocessing = 0;
		};
		41E883C920AF84DC0045A95B /* Frameworks */ = {
			isa = PBXFrameworksBuildPhase;
			buildActionMask = 2147483647;
			files = (
				1AB7BF7107654BD7800A9A4F /* Pods_ATMmvdTests.framework in Frameworks */,
			);
			runOnlyForDeploymentPostprocessing = 0;
		};
		41E883D420AF84DC0045A95B /* Frameworks */ = {
			isa = PBXFrameworksBuildPhase;
			buildActionMask = 2147483647;
			files = (
				298E19842FB3C58A2A1A6E55 /* Pods_ATMmvdUITests.framework in Frameworks */,
			);
			runOnlyForDeploymentPostprocessing = 0;
		};
/* End PBXFrameworksBuildPhase section */

/* Begin PBXGroup section */
		150648848F0B660F3D7C6EF8 /* Frameworks */ = {
			isa = PBXGroup;
			children = (
				D6005F027B120B627BE7621E /* Pods_ATMmvd.framework */,
				7387E5927017006ED1AFBE29 /* Pods_ATMmvdTests.framework */,
				EA74999A3FA3E16E5CEE1F14 /* Pods_ATMmvdUITests.framework */,
			);
			name = Frameworks;
			sourceTree = "<group>";
		};
		41E883AF20AF84DB0045A95B = {
			isa = PBXGroup;
			children = (
				41E883BA20AF84DB0045A95B /* ATMmvd */,
				41E883CF20AF84DC0045A95B /* ATMmvdTests */,
				41E883DA20AF84DC0045A95B /* ATMmvdUITests */,
				41E883B920AF84DB0045A95B /* Products */,
				87CCC05251A84158BF9333BF /* Pods */,
				150648848F0B660F3D7C6EF8 /* Frameworks */,
			);
			sourceTree = "<group>";
		};
		41E883B920AF84DB0045A95B /* Products */ = {
			isa = PBXGroup;
			children = (
				41E883B820AF84DB0045A95B /* ATMmvd.app */,
				41E883CC20AF84DC0045A95B /* ATMmvdTests.xctest */,
				41E883D720AF84DC0045A95B /* ATMmvdUITests.xctest */,
			);
			name = Products;
			sourceTree = "<group>";
		};
		41E883BA20AF84DB0045A95B /* ATMmvd */ = {
			isa = PBXGroup;
			children = (
				41E883BB20AF84DB0045A95B /* AppDelegate.swift */,
				41E883BD20AF84DB0045A95B /* ViewController.swift */,
				41E883EB20AFBB8B0045A95B /* ATM.swift */,
				41E883BF20AF84DB0045A95B /* Main.storyboard */,
				41E883E920AF8B1F0045A95B /* SecondViewController.swift */,
				41E883C220AF84DB0045A95B /* Assets.xcassets */,
				41E883C420AF84DB0045A95B /* LaunchScreen.storyboard */,
				41E883C720AF84DB0045A95B /* Info.plist */,
			);
			path = ATMmvd;
			sourceTree = "<group>";
		};
		41E883CF20AF84DC0045A95B /* ATMmvdTests */ = {
			isa = PBXGroup;
			children = (
				41E883D020AF84DC0045A95B /* ATMmvdTests.swift */,
				41E883D220AF84DC0045A95B /* Info.plist */,
			);
			path = ATMmvdTests;
			sourceTree = "<group>";
		};
		41E883DA20AF84DC0045A95B /* ATMmvdUITests */ = {
			isa = PBXGroup;
			children = (
				41E883DB20AF84DC0045A95B /* ATMmvdUITests.swift */,
				41E883DD20AF84DC0045A95B /* Info.plist */,
			);
			path = ATMmvdUITests;
			sourceTree = "<group>";
		};
		87CCC05251A84158BF9333BF /* Pods */ = {
			isa = PBXGroup;
			children = (
				923B5F800FF6D01C6C05AD7D /* Pods-ATMmvd.debug.xcconfig */,
				306CB9B6AFF27770A6BFF36C /* Pods-ATMmvd.release.xcconfig */,
				3D835BF32B70A2E16EFBC839 /* Pods-ATMmvdTests.debug.xcconfig */,
				8D0484D9B0C23E1245B3EF5C /* Pods-ATMmvdTests.release.xcconfig */,
				3B1EE9148DAC4824397DFF34 /* Pods-ATMmvdUITests.debug.xcconfig */,
				D299B04DA22E5117B6EE0E80 /* Pods-ATMmvdUITests.release.xcconfig */,
			);
			name = Pods;
			sourceTree = "<group>";
		};
/* End PBXGroup section */

/* Begin PBXNativeTarget section */
		41E883B720AF84DB0045A95B /* ATMmvd */ = {
			isa = PBXNativeTarget;
			buildConfigurationList = 41E883E020AF84DC0045A95B /* Build configuration list for PBXNativeTarget "ATMmvd" */;
			buildPhases = (
				4043B20E0A52B9988CC04625 /* [CP] Check Pods Manifest.lock */,
				41E883B420AF84DB0045A95B /* Sources */,
				41E883B520AF84DB0045A95B /* Frameworks */,
				41E883B620AF84DB0045A95B /* Resources */,
				F37E49412AAA6CC5E1184092 /* [CP] Embed Pods Frameworks */,
				69D8EA5072E75F3ECCB3CEBF /* [CP] Copy Pods Resources */,
			);
			buildRules = (
			);
			dependencies = (
			);
			name = ATMmvd;
			productName = ATMmvd;
			productReference = 41E883B820AF84DB0045A95B /* ATMmvd.app */;
			productType = "com.apple.product-type.application";
		};
		41E883CB20AF84DC0045A95B /* ATMmvdTests */ = {
			isa = PBXNativeTarget;
			buildConfigurationList = 41E883E320AF84DC0045A95B /* Build configuration list for PBXNativeTarget "ATMmvdTests" */;
			buildPhases = (
				8FF5E385124CCF19B431C054 /* [CP] Check Pods Manifest.lock */,
				41E883C820AF84DC0045A95B /* Sources */,
				41E883C920AF84DC0045A95B /* Frameworks */,
				41E883CA20AF84DC0045A95B /* Resources */,
				1F5B8D7D9344745A3E7009B1 /* [CP] Embed Pods Frameworks */,
				6DF7F221502986750136D61F /* [CP] Copy Pods Resources */,
			);
			buildRules = (
			);
			dependencies = (
				41E883CE20AF84DC0045A95B /* PBXTargetDependency */,
			);
			name = ATMmvdTests;
			productName = ATMmvdTests;
			productReference = 41E883CC20AF84DC0045A95B /* ATMmvdTests.xctest */;
			productType = "com.apple.product-type.bundle.unit-test";
		};
		41E883D620AF84DC0045A95B /* ATMmvdUITests */ = {
			isa = PBXNativeTarget;
			buildConfigurationList = 41E883E620AF84DC0045A95B /* Build configuration list for PBXNativeTarget "ATMmvdUITests" */;
			buildPhases = (
				1181B23FE5DEF77848D56B3A /* [CP] Check Pods Manifest.lock */,
				41E883D320AF84DC0045A95B /* Sources */,
				41E883D420AF84DC0045A95B /* Frameworks */,
				41E883D520AF84DC0045A95B /* Resources */,
				53F69F782029165B87B96CA9 /* [CP] Embed Pods Frameworks */,
				D6D1B3DC7CBAB955B50AEB6D /* [CP] Copy Pods Resources */,
			);
			buildRules = (
			);
			dependencies = (
				41E883D920AF84DC0045A95B /* PBXTargetDependency */,
			);
			name = ATMmvdUITests;
			productName = ATMmvdUITests;
			productReference = 41E883D720AF84DC0045A95B /* ATMmvdUITests.xctest */;
			productType = "com.apple.product-type.bundle.ui-testing";
		};
/* End PBXNativeTarget section */

/* Begin PBXProject section */
		41E883B020AF84DB0045A95B /* Project object */ = {
			isa = PBXProject;
			attributes = {
				LastSwiftUpdateCheck = 0920;
				LastUpgradeCheck = 0920;
				ORGANIZATIONNAME = "Silvia Rocco";
				TargetAttributes = {
					41E883B720AF84DB0045A95B = {
						CreatedOnToolsVersion = 9.2;
						ProvisioningStyle = Automatic;
					};
					41E883CB20AF84DC0045A95B = {
						CreatedOnToolsVersion = 9.2;
						ProvisioningStyle = Automatic;
						TestTargetID = 41E883B720AF84DB0045A95B;
					};
					41E883D620AF84DC0045A95B = {
						CreatedOnToolsVersion = 9.2;
						ProvisioningStyle = Automatic;
						TestTargetID = 41E883B720AF84DB0045A95B;
					};
				};
			};
			buildConfigurationList = 41E883B320AF84DB0045A95B /* Build configuration list for PBXProject "ATMmvd" */;
			compatibilityVersion = "Xcode 8.0";
			developmentRegion = en;
			hasScannedForEncodings = 0;
			knownRegions = (
				en,
				Base,
			);
			mainGroup = 41E883AF20AF84DB0045A95B;
			productRefGroup = 41E883B920AF84DB0045A95B /* Products */;
			projectDirPath = "";
			projectRoot = "";
			targets = (
				41E883B720AF84DB0045A95B /* ATMmvd */,
				41E883CB20AF84DC0045A95B /* ATMmvdTests */,
				41E883D620AF84DC0045A95B /* ATMmvdUITests */,
			);
		};
/* End PBXProject section */

/* Begin PBXResourcesBuildPhase section */
		41E883B620AF84DB0045A95B /* Resources */ = {
			isa = PBXResourcesBuildPhase;
			buildActionMask = 2147483647;
			files = (
				41E883C620AF84DB0045A95B /* LaunchScreen.storyboard in Resources */,
				41E883C320AF84DB0045A95B /* Assets.xcassets in Resources */,
				41E883C120AF84DB0045A95B /* Main.storyboard in Resources */,
			);
			runOnlyForDeploymentPostprocessing = 0;
		};
		41E883CA20AF84DC0045A95B /* Resources */ = {
			isa = PBXResourcesBuildPhase;
			buildActionMask = 2147483647;
			files = (
			);
			runOnlyForDeploymentPostprocessing = 0;
		};
		41E883D520AF84DC0045A95B /* Resources */ = {
			isa = PBXResourcesBuildPhase;
			buildActionMask = 2147483647;
			files = (
			);
			runOnlyForDeploymentPostprocessing = 0;
		};
/* End PBXResourcesBuildPhase section */

/* Begin PBXShellScriptBuildPhase section */
		1181B23FE5DEF77848D56B3A /* [CP] Check Pods Manifest.lock */ = {
			isa = PBXShellScriptBuildPhase;
			buildActionMask = 2147483647;
			files = (
			);
			inputPaths = (
				"${PODS_PODFILE_DIR_PATH}/Podfile.lock",
				"${PODS_ROOT}/Manifest.lock",
			);
			name = "[CP] Check Pods Manifest.lock";
			outputPaths = (
				"$(DERIVED_FILE_DIR)/Pods-ATMmvdUITests-checkManifestLockResult.txt",
			);
			runOnlyForDeploymentPostprocessing = 0;
			shellPath = /bin/sh;
			shellScript = "diff \"${PODS_PODFILE_DIR_PATH}/Podfile.lock\" \"${PODS_ROOT}/Manifest.lock\" > /dev/null\nif [ $? != 0 ] ; then\n    # print error to STDERR\n    echo \"error: The sandbox is not in sync with the Podfile.lock. Run 'pod install' or update your CocoaPods installation.\" >&2\n    exit 1\nfi\n# This output is used by Xcode 'outputs' to avoid re-running this script phase.\necho \"SUCCESS\" > \"${SCRIPT_OUTPUT_FILE_0}\"\n";
			showEnvVarsInLog = 0;
		};
		1F5B8D7D9344745A3E7009B1 /* [CP] Embed Pods Frameworks */ = {
			isa = PBXShellScriptBuildPhase;
			buildActionMask = 2147483647;
			files = (
			);
			inputPaths = (
			);
			name = "[CP] Embed Pods Frameworks";
			outputPaths = (
			);
			runOnlyForDeploymentPostprocessing = 0;
			shellPath = /bin/sh;
			shellScript = "\"${SRCROOT}/Pods/Target Support Files/Pods-ATMmvdTests/Pods-ATMmvdTests-frameworks.sh\"\n";
			showEnvVarsInLog = 0;
		};
		4043B20E0A52B9988CC04625 /* [CP] Check Pods Manifest.lock */ = {
			isa = PBXShellScriptBuildPhase;
			buildActionMask = 2147483647;
			files = (
			);
			inputPaths = (
				"${PODS_PODFILE_DIR_PATH}/Podfile.lock",
				"${PODS_ROOT}/Manifest.lock",
			);
			name = "[CP] Check Pods Manifest.lock";
			outputPaths = (
				"$(DERIVED_FILE_DIR)/Pods-ATMmvd-checkManifestLockResult.txt",
			);
			runOnlyForDeploymentPostprocessing = 0;
			shellPath = /bin/sh;
			shellScript = "diff \"${PODS_PODFILE_DIR_PATH}/Podfile.lock\" \"${PODS_ROOT}/Manifest.lock\" > /dev/null\nif [ $? != 0 ] ; then\n    # print error to STDERR\n    echo \"error: The sandbox is not in sync with the Podfile.lock. Run 'pod install' or update your CocoaPods installation.\" >&2\n    exit 1\nfi\n# This output is used by Xcode 'outputs' to avoid re-running this script phase.\necho \"SUCCESS\" > \"${SCRIPT_OUTPUT_FILE_0}\"\n";
			showEnvVarsInLog = 0;
		};
		53F69F782029165B87B96CA9 /* [CP] Embed Pods Frameworks */ = {
			isa = PBXShellScriptBuildPhase;
			buildActionMask = 2147483647;
			files = (
			);
			inputPaths = (
			);
			name = "[CP] Embed Pods Frameworks";
			outputPaths = (
			);
			runOnlyForDeploymentPostprocessing = 0;
			shellPath = /bin/sh;
			shellScript = "\"${SRCROOT}/Pods/Target Support Files/Pods-ATMmvdUITests/Pods-ATMmvdUITests-frameworks.sh\"\n";
			showEnvVarsInLog = 0;
		};
		69D8EA5072E75F3ECCB3CEBF /* [CP] Copy Pods Resources */ = {
			isa = PBXShellScriptBuildPhase;
			buildActionMask = 2147483647;
			files = (
			);
			inputPaths = (
			);
			name = "[CP] Copy Pods Resources";
			outputPaths = (
			);
			runOnlyForDeploymentPostprocessing = 0;
			shellPath = /bin/sh;
			shellScript = "\"${SRCROOT}/Pods/Target Support Files/Pods-ATMmvd/Pods-ATMmvd-resources.sh\"\n";
			showEnvVarsInLog = 0;
		};
		6DF7F221502986750136D61F /* [CP] Copy Pods Resources */ = {
			isa = PBXShellScriptBuildPhase;
			buildActionMask = 2147483647;
			files = (
			);
			inputPaths = (
			);
			name = "[CP] Copy Pods Resources";
			outputPaths = (
			);
			runOnlyForDeploymentPostprocessing = 0;
			shellPath = /bin/sh;
			shellScript = "\"${SRCROOT}/Pods/Target Support Files/Pods-ATMmvdTests/Pods-ATMmvdTests-resources.sh\"\n";
			showEnvVarsInLog = 0;
		};
		8FF5E385124CCF19B431C054 /* [CP] Check Pods Manifest.lock */ = {
			isa = PBXShellScriptBuildPhase;
			buildActionMask = 2147483647;
			files = (
			);
			inputPaths = (
				"${PODS_PODFILE_DIR_PATH}/Podfile.lock",
				"${PODS_ROOT}/Manifest.lock",
			);
			name = "[CP] Check Pods Manifest.lock";
			outputPaths = (
				"$(DERIVED_FILE_DIR)/Pods-ATMmvdTests-checkManifestLockResult.txt",
			);
			runOnlyForDeploymentPostprocessing = 0;
			shellPath = /bin/sh;
			shellScript = "diff \"${PODS_PODFILE_DIR_PATH}/Podfile.lock\" \"${PODS_ROOT}/Manifest.lock\" > /dev/null\nif [ $? != 0 ] ; then\n    # print error to STDERR\n    echo \"error: The sandbox is not in sync with the Podfile.lock. Run 'pod install' or update your CocoaPods installation.\" >&2\n    exit 1\nfi\n# This output is used by Xcode 'outputs' to avoid re-running this script phase.\necho \"SUCCESS\" > \"${SCRIPT_OUTPUT_FILE_0}\"\n";
			showEnvVarsInLog = 0;
		};
		D6D1B3DC7CBAB955B50AEB6D /* [CP] Copy Pods Resources */ = {
			isa = PBXShellScriptBuildPhase;
			buildActionMask = 2147483647;
			files = (
			);
			inputPaths = (
			);
			name = "[CP] Copy Pods Resources";
			outputPaths = (
			);
			runOnlyForDeploymentPostprocessing = 0;
			shellPath = /bin/sh;
			shellScript = "\"${SRCROOT}/Pods/Target Support Files/Pods-ATMmvdUITests/Pods-ATMmvdUITests-resources.sh\"\n";
			showEnvVarsInLog = 0;
		};
		F37E49412AAA6CC5E1184092 /* [CP] Embed Pods Frameworks */ = {
			isa = PBXShellScriptBuildPhase;
			buildActionMask = 2147483647;
			files = (
			);
			inputPaths = (
				"${SRCROOT}/Pods/Target Support Files/Pods-ATMmvd/Pods-ATMmvd-frameworks.sh",
				"${BUILT_PRODUCTS_DIR}/Alamofire/Alamofire.framework",
				"${BUILT_PRODUCTS_DIR}/AlamofireObjectMapper/AlamofireObjectMapper.framework",
				"${BUILT_PRODUCTS_DIR}/ObjectMapper/ObjectMapper.framework",
				"${BUILT_PRODUCTS_DIR}/SwiftyJSON/SwiftyJSON.framework",
			);
			name = "[CP] Embed Pods Frameworks";
			outputPaths = (
				"${TARGET_BUILD_DIR}/${FRAMEWORKS_FOLDER_PATH}/Alamofire.framework",
				"${TARGET_BUILD_DIR}/${FRAMEWORKS_FOLDER_PATH}/AlamofireObjectMapper.framework",
				"${TARGET_BUILD_DIR}/${FRAMEWORKS_FOLDER_PATH}/ObjectMapper.framework",
				"${TARGET_BUILD_DIR}/${FRAMEWORKS_FOLDER_PATH}/SwiftyJSON.framework",
			);
			runOnlyForDeploymentPostprocessing = 0;
			shellPath = /bin/sh;
			shellScript = "\"${SRCROOT}/Pods/Target Support Files/Pods-ATMmvd/Pods-ATMmvd-frameworks.sh\"\n";
			showEnvVarsInLog = 0;
		};
/* End PBXShellScriptBuildPhase section */

/* Begin PBXSourcesBuildPhase section */
		41E883B420AF84DB0045A95B /* Sources */ = {
			isa = PBXSourcesBuildPhase;
			buildActionMask = 2147483647;
			files = (
				41E883EA20AF8B1F0045A95B /* SecondViewController.swift in Sources */,
				41E883BE20AF84DB0045A95B /* ViewController.swift in Sources */,
				41E883EC20AFBB8B0045A95B /* ATM.swift in Sources */,
				41E883BC20AF84DB0045A95B /* AppDelegate.swift in Sources */,
			);
			runOnlyForDeploymentPostprocessing = 0;
		};
		41E883C820AF84DC0045A95B /* Sources */ = {
			isa = PBXSourcesBuildPhase;
			buildActionMask = 2147483647;
			files = (
				41E883D120AF84DC0045A95B /* ATMmvdTests.swift in Sources */,
			);
			runOnlyForDeploymentPostprocessing = 0;
		};
		41E883D320AF84DC0045A95B /* Sources */ = {
			isa = PBXSourcesBuildPhase;
			buildActionMask = 2147483647;
			files = (
				41E883DC20AF84DC0045A95B /* ATMmvdUITests.swift in Sources */,
			);
			runOnlyForDeploymentPostprocessing = 0;
		};
/* End PBXSourcesBuildPhase section */

/* Begin PBXTargetDependency section */
		41E883CE20AF84DC0045A95B /* PBXTargetDependency */ = {
			isa = PBXTargetDependency;
			target = 41E883B720AF84DB0045A95B /* ATMmvd */;
			targetProxy = 41E883CD20AF84DC0045A95B /* PBXContainerItemProxy */;
		};
		41E883D920AF84DC0045A95B /* PBXTargetDependency */ = {
			isa = PBXTargetDependency;
			target = 41E883B720AF84DB0045A95B /* ATMmvd */;
			targetProxy = 41E883D820AF84DC0045A95B /* PBXContainerItemProxy */;
		};
/* End PBXTargetDependency section */

/* Begin PBXVariantGroup section */
		41E883BF20AF84DB0045A95B /* Main.storyboard */ = {
			isa = PBXVariantGroup;
			children = (
				41E883C020AF84DB0045A95B /* Base */,
			);
			name = Main.storyboard;
			sourceTree = "<group>";
		};
		41E883C420AF84DB0045A95B /* LaunchScreen.storyboard */ = {
			isa = PBXVariantGroup;
			children = (
				41E883C520AF84DB0045A95B /* Base */,
			);
			name = LaunchScreen.storyboard;
			sourceTree = "<group>";
		};
/* End PBXVariantGroup section */

/* Begin XCBuildConfiguration section */
		41E883DE20AF84DC0045A95B /* Debug */ = {
			isa = XCBuildConfiguration;
			buildSettings = {
				ALWAYS_SEARCH_USER_PATHS = NO;
				CLANG_ANALYZER_NONNULL = YES;
				CLANG_ANALYZER_NUMBER_OBJECT_CONVERSION = YES_AGGRESSIVE;
				CLANG_CXX_LANGUAGE_STANDARD = "gnu++14";
				CLANG_CXX_LIBRARY = "libc++";
				CLANG_ENABLE_MODULES = YES;
				CLANG_ENABLE_OBJC_ARC = YES;
				CLANG_WARN_BLOCK_CAPTURE_AUTORELEASING = YES;
				CLANG_WARN_BOOL_CONVERSION = YES;
				CLANG_WARN_COMMA = YES;
				CLANG_WARN_CONSTANT_CONVERSION = YES;
				CLANG_WARN_DIRECT_OBJC_ISA_USAGE = YES_ERROR;
				CLANG_WARN_DOCUMENTATION_COMMENTS = YES;
				CLANG_WARN_EMPTY_BODY = YES;
				CLANG_WARN_ENUM_CONVERSION = YES;
				CLANG_WARN_INFINITE_RECURSION = YES;
				CLANG_WARN_INT_CONVERSION = YES;
				CLANG_WARN_NON_LITERAL_NULL_CONVERSION = YES;
				CLANG_WARN_OBJC_LITERAL_CONVERSION = YES;
				CLANG_WARN_OBJC_ROOT_CLASS = YES_ERROR;
				CLANG_WARN_RANGE_LOOP_ANALYSIS = YES;
				CLANG_WARN_STRICT_PROTOTYPES = YES;
				CLANG_WARN_SUSPICIOUS_MOVE = YES;
				CLANG_WARN_UNGUARDED_AVAILABILITY = YES_AGGRESSIVE;
				CLANG_WARN_UNREACHABLE_CODE = YES;
				CLANG_WARN__DUPLICATE_METHOD_MATCH = YES;
				CODE_SIGN_IDENTITY = "iPhone Developer";
				COPY_PHASE_STRIP = NO;
				DEBUG_INFORMATION_FORMAT = dwarf;
				ENABLE_STRICT_OBJC_MSGSEND = YES;
				ENABLE_TESTABILITY = YES;
				GCC_C_LANGUAGE_STANDARD = gnu11;
				GCC_DYNAMIC_NO_PIC = NO;
				GCC_NO_COMMON_BLOCKS = YES;
				GCC_OPTIMIZATION_LEVEL = 0;
				GCC_PREPROCESSOR_DEFINITIONS = (
					"DEBUG=1",
					"$(inherited)",
				);
				GCC_WARN_64_TO_32_BIT_CONVERSION = YES;
				GCC_WARN_ABOUT_RETURN_TYPE = YES_ERROR;
				GCC_WARN_UNDECLARED_SELECTOR = YES;
				GCC_WARN_UNINITIALIZED_AUTOS = YES_AGGRESSIVE;
				GCC_WARN_UNUSED_FUNCTION = YES;
				GCC_WARN_UNUSED_VARIABLE = YES;
				IPHONEOS_DEPLOYMENT_TARGET = 11.2;
				MTL_ENABLE_DEBUG_INFO = YES;
				ONLY_ACTIVE_ARCH = YES;
				SDKROOT = iphoneos;
				SWIFT_ACTIVE_COMPILATION_CONDITIONS = DEBUG;
				SWIFT_OPTIMIZATION_LEVEL = "-Onone";
			};
			name = Debug;
		};
		41E883DF20AF84DC0045A95B /* Release */ = {
			isa = XCBuildConfiguration;
			buildSettings = {
				ALWAYS_SEARCH_USER_PATHS = NO;
				CLANG_ANALYZER_NONNULL = YES;
				CLANG_ANALYZER_NUMBER_OBJECT_CONVERSION = YES_AGGRESSIVE;
				CLANG_CXX_LANGUAGE_STANDARD = "gnu++14";
				CLANG_CXX_LIBRARY = "libc++";
				CLANG_ENABLE_MODULES = YES;
				CLANG_ENABLE_OBJC_ARC = YES;
				CLANG_WARN_BLOCK_CAPTURE_AUTORELEASING = YES;
				CLANG_WARN_BOOL_CONVERSION = YES;
				CLANG_WARN_COMMA = YES;
				CLANG_WARN_CONSTANT_CONVERSION = YES;
				CLANG_WARN_DIRECT_OBJC_ISA_USAGE = YES_ERROR;
				CLANG_WARN_DOCUMENTATION_COMMENTS = YES;
				CLANG_WARN_EMPTY_BODY = YES;
				CLANG_WARN_ENUM_CONVERSION = YES;
				CLANG_WARN_INFINITE_RECURSION = YES;
				CLANG_WARN_INT_CONVERSION = YES;
				CLANG_WARN_NON_LITERAL_NULL_CONVERSION = YES;
				CLANG_WARN_OBJC_LITERAL_CONVERSION = YES;
				CLANG_WARN_OBJC_ROOT_CLASS = YES_ERROR;
				CLANG_WARN_RANGE_LOOP_ANALYSIS = YES;
				CLANG_WARN_STRICT_PROTOTYPES = YES;
				CLANG_WARN_SUSPICIOUS_MOVE = YES;
				CLANG_WARN_UNGUARDED_AVAILABILITY = YES_AGGRESSIVE;
				CLANG_WARN_UNREACHABLE_CODE = YES;
				CLANG_WARN__DUPLICATE_METHOD_MATCH = YES;
				CODE_SIGN_IDENTITY = "iPhone Developer";
				COPY_PHASE_STRIP = NO;
				DEBUG_INFORMATION_FORMAT = "dwarf-with-dsym";
				ENABLE_NS_ASSERTIONS = NO;
				ENABLE_STRICT_OBJC_MSGSEND = YES;
				GCC_C_LANGUAGE_STANDARD = gnu11;
				GCC_NO_COMMON_BLOCKS = YES;
				GCC_WARN_64_TO_32_BIT_CONVERSION = YES;
				GCC_WARN_ABOUT_RETURN_TYPE = YES_ERROR;
				GCC_WARN_UNDECLARED_SELECTOR = YES;
				GCC_WARN_UNINITIALIZED_AUTOS = YES_AGGRESSIVE;
				GCC_WARN_UNUSED_FUNCTION = YES;
				GCC_WARN_UNUSED_VARIABLE = YES;
				IPHONEOS_DEPLOYMENT_TARGET = 11.2;
				MTL_ENABLE_DEBUG_INFO = NO;
				SDKROOT = iphoneos;
				SWIFT_OPTIMIZATION_LEVEL = "-Owholemodule";
				VALIDATE_PRODUCT = YES;
			};
			name = Release;
		};
		41E883E120AF84DC0045A95B /* Debug */ = {
			isa = XCBuildConfiguration;
			baseConfigurationReference = 923B5F800FF6D01C6C05AD7D /* Pods-ATMmvd.debug.xcconfig */;
			buildSettings = {
				ASSETCATALOG_COMPILER_APPICON_NAME = AppIcon;
				CODE_SIGN_STYLE = Automatic;
				INFOPLIST_FILE = ATMmvd/Info.plist;
				LD_RUNPATH_SEARCH_PATHS = "$(inherited) @executable_path/Frameworks";
				PRODUCT_BUNDLE_IDENTIFIER = SR.ATMmvd;
				PRODUCT_NAME = "$(TARGET_NAME)";
				SWIFT_VERSION = 4.0;
				TARGETED_DEVICE_FAMILY = "1,2";
			};
			name = Debug;
		};
		41E883E220AF84DC0045A95B /* Release */ = {
			isa = XCBuildConfiguration;
			baseConfigurationReference = 306CB9B6AFF27770A6BFF36C /* Pods-ATMmvd.release.xcconfig */;
			buildSettings = {
				ASSETCATALOG_COMPILER_APPICON_NAME = AppIcon;
				CODE_SIGN_STYLE = Automatic;
				INFOPLIST_FILE = ATMmvd/Info.plist;
				LD_RUNPATH_SEARCH_PATHS = "$(inherited) @executable_path/Frameworks";
				PRODUCT_BUNDLE_IDENTIFIER = SR.ATMmvd;
				PRODUCT_NAME = "$(TARGET_NAME)";
				SWIFT_VERSION = 4.0;
				TARGETED_DEVICE_FAMILY = "1,2";
			};
			name = Release;
		};
		41E883E420AF84DC0045A95B /* Debug */ = {
			isa = XCBuildConfiguration;
			baseConfigurationReference = 3D835BF32B70A2E16EFBC839 /* Pods-ATMmvdTests.debug.xcconfig */;
			buildSettings = {
				ALWAYS_EMBED_SWIFT_STANDARD_LIBRARIES = YES;
				BUNDLE_LOADER = "$(TEST_HOST)";
				CODE_SIGN_STYLE = Automatic;
				INFOPLIST_FILE = ATMmvdTests/Info.plist;
				LD_RUNPATH_SEARCH_PATHS = "$(inherited) @executable_path/Frameworks @loader_path/Frameworks";
				PRODUCT_BUNDLE_IDENTIFIER = SR.ATMmvdTests;
				PRODUCT_NAME = "$(TARGET_NAME)";
				SWIFT_VERSION = 4.0;
				TARGETED_DEVICE_FAMILY = "1,2";
				TEST_HOST = "$(BUILT_PRODUCTS_DIR)/ATMmvd.app/ATMmvd";
			};
			name = Debug;
		};
		41E883E520AF84DC0045A95B /* Release */ = {
			isa = XCBuildConfiguration;
			baseConfigurationReference = 8D0484D9B0C23E1245B3EF5C /* Pods-ATMmvdTests.release.xcconfig */;
			buildSettings = {
				ALWAYS_EMBED_SWIFT_STANDARD_LIBRARIES = YES;
				BUNDLE_LOADER = "$(TEST_HOST)";
				CODE_SIGN_STYLE = Automatic;
				INFOPLIST_FILE = ATMmvdTests/Info.plist;
				LD_RUNPATH_SEARCH_PATHS = "$(inherited) @executable_path/Frameworks @loader_path/Frameworks";
				PRODUCT_BUNDLE_IDENTIFIER = SR.ATMmvdTests;
				PRODUCT_NAME = "$(TARGET_NAME)";
				SWIFT_VERSION = 4.0;
				TARGETED_DEVICE_FAMILY = "1,2";
				TEST_HOST = "$(BUILT_PRODUCTS_DIR)/ATMmvd.app/ATMmvd";
			};
			name = Release;
		};
		41E883E720AF84DC0045A95B /* Debug */ = {
			isa = XCBuildConfiguration;
			baseConfigurationReference = 3B1EE9148DAC4824397DFF34 /* Pods-ATMmvdUITests.debug.xcconfig */;
			buildSettings = {
				ALWAYS_EMBED_SWIFT_STANDARD_LIBRARIES = YES;
				CODE_SIGN_STYLE = Automatic;
				INFOPLIST_FILE = ATMmvdUITests/Info.plist;
				LD_RUNPATH_SEARCH_PATHS = "$(inherited) @executable_path/Frameworks @loader_path/Frameworks";
				PRODUCT_BUNDLE_IDENTIFIER = SR.ATMmvdUITests;
				PRODUCT_NAME = "$(TARGET_NAME)";
				SWIFT_VERSION = 4.0;
				TARGETED_DEVICE_FAMILY = "1,2";
				TEST_TARGET_NAME = ATMmvd;
			};
			name = Debug;
		};
		41E883E820AF84DC0045A95B /* Release */ = {
			isa = XCBuildConfiguration;
			baseConfigurationReference = D299B04DA22E5117B6EE0E80 /* Pods-ATMmvdUITests.release.xcconfig */;
			buildSettings = {
				ALWAYS_EMBED_SWIFT_STANDARD_LIBRARIES = YES;
				CODE_SIGN_STYLE = Automatic;
				INFOPLIST_FILE = ATMmvdUITests/Info.plist;
				LD_RUNPATH_SEARCH_PATHS = "$(inherited) @executable_path/Frameworks @loader_path/Frameworks";
				PRODUCT_BUNDLE_IDENTIFIER = SR.ATMmvdUITests;
				PRODUCT_NAME = "$(TARGET_NAME)";
				SWIFT_VERSION = 4.0;
				TARGETED_DEVICE_FAMILY = "1,2";
				TEST_TARGET_NAME = ATMmvd;
			};
			name = Release;
		};
/* End XCBuildConfiguration section */

/* Begin XCConfigurationList section */
		41E883B320AF84DB0045A95B /* Build configuration list for PBXProject "ATMmvd" */ = {
			isa = XCConfigurationList;
			buildConfigurations = (
				41E883DE20AF84DC0045A95B /* Debug */,
				41E883DF20AF84DC0045A95B /* Release */,
			);
			defaultConfigurationIsVisible = 0;
			defaultConfigurationName = Release;
		};
		41E883E020AF84DC0045A95B /* Build configuration list for PBXNativeTarget "ATMmvd" */ = {
			isa = XCConfigurationList;
			buildConfigurations = (
				41E883E120AF84DC0045A95B /* Debug */,
				41E883E220AF84DC0045A95B /* Release */,
			);
			defaultConfigurationIsVisible = 0;
			defaultConfigurationName = Release;
		};
		41E883E320AF84DC0045A95B /* Build configuration list for PBXNativeTarget "ATMmvdTests" */ = {
			isa = XCConfigurationList;
			buildConfigurations = (
				41E883E420AF84DC0045A95B /* Debug */,
				41E883E520AF84DC0045A95B /* Release */,
			);
			defaultConfigurationIsVisible = 0;
			defaultConfigurationName = Release;
		};
		41E883E620AF84DC0045A95B /* Build configuration list for PBXNativeTarget "ATMmvdUITests" */ = {
			isa = XCConfigurationList;
			buildConfigurations = (
				41E883E720AF84DC0045A95B /* Debug */,
				41E883E820AF84DC0045A95B /* Release */,
			);
			defaultConfigurationIsVisible = 0;
			defaultConfigurationName = Release;
		};
/* End XCConfigurationList section */
	};
	rootObject = 41E883B020AF84DB0045A95B /* Project object */;
}
